PODS:
  - FMDB (2.6.2):
    - FMDB/standard (= 2.6.2)
  - FMDB/standard (2.6.2)
  - LKDBHelper (2.3.3):
    - FMDB
  - MJRefresh (3.1.12)

DEPENDENCIES:
  - LKDBHelper
  - MJRefresh

SPEC CHECKSUMS:
  FMDB: 854a0341b4726e53276f2a8996f06f1b80f9259a
  LKDBHelper: 328c5efe643c0179e95f607a2f31bb4bba79e69f
  MJRefresh: b96cdb21c4aa75a7b07654311ab2f315c497e806

PODFILE CHECKSUM: daf43d03e5498d0c708ff5879796b6efb4f16123

COCOAPODS: 1.0.1
